
Microsoft Visual Studio Solution File, Format Version 12.00
# Visual Studio Version 16
VisualStudioVersion = 16.0.29418.71
MinimumVisualStudioVersion = 10.0.40219.1
Project("{FAE04EC0-301F-11D3-BF4B-00C04F79EFBC}") = "WhatElseTestWCF", "WhatElseTestWCF\WhatElseTestWCF.csproj", "{A0FC9167-65F5-4CFE-B401-C4233076CB12}"
EndProject
Global
	GlobalSection(SolutionConfigurationPlatforms) = preSolution
		Debug|Any CPU = Debug|Any CPU
		Release|Any CPU = Release|Any CPU
	EndGlobalSection
	GlobalSection(ProjectConfigurationPlatforms) = postSolution
		{A0FC9167-65F5-4CFE-B401-C4233076CB12}.Debug|Any CPU.ActiveCfg = Debug|Any CPU
		{A0FC9167-65F5-4CFE-B401-C4233076CB12}.Debug|Any CPU.Build.0 = Debug|Any CPU
		{A0FC9167-65F5-4CFE-B401-C4233076CB12}.Release|Any CPU.ActiveCfg = Release|Any CPU
		{A0FC9167-65F5-4CFE-B401-C4233076CB12}.Release|Any CPU.Build.0 = Release|Any CPU
	EndGlobalSection
	GlobalSection(SolutionProperties) = preSolution
		HideSolutionNode = FALSE
	EndGlobalSection
	GlobalSection(ExtensibilityGlobals) = postSolution
		SolutionGuid = {E5E15F7D-9AF9-412D-AF40-56A3D82A87A7}
	EndGlobalSection
EndGlobal
